
Microsoft Visual Studio Solution File, Format Version 12.00
# Visual Studio Version 17
VisualStudioVersion = 17.1.32414.318
MinimumVisualStudioVersion = 10.0.40219.1
Project("{9A19103F-16F7-4668-BE54-9A1E7A4F7556}") = "MvcApp1", "MvcApp1.csproj", "{5CB3C3E6-8C09-4830-8E89-5B9E525758A3}"
EndProject
Global
	GlobalSection(SolutionConfigurationPlatforms) = preSolution
		Debug|Any CPU = Debug|Any CPU
		Release|Any CPU = Release|Any CPU
	EndGlobalSection
	GlobalSection(ProjectConfigurationPlatforms) = postSolution
		{5CB3C3E6-8C09-4830-8E89-5B9E525758A3}.Debug|Any CPU.ActiveCfg = Debug|Any CPU
		{5CB3C3E6-8C09-4830-8E89-5B9E525758A3}.Debug|Any CPU.Build.0 = Debug|Any CPU
		{5CB3C3E6-8C09-4830-8E89-5B9E525758A3}.Release|Any CPU.ActiveCfg = Release|Any CPU
		{5CB3C3E6-8C09-4830-8E89-5B9E525758A3}.Release|Any CPU.Build.0 = Release|Any CPU
	EndGlobalSection
	GlobalSection(SolutionProperties) = preSolution
		HideSolutionNode = FALSE
	EndGlobalSection
	GlobalSection(ExtensibilityGlobals) = postSolution
		SolutionGuid = {61B2D248-9F13-4A02-BE63-50B4FC9F97AA}
	EndGlobalSection
EndGlobal
